
Microsoft Visual Studio Solution File, Format Version 12.00
# Visual Studio 15
VisualStudioVersion = 15.0.27428.2037
MinimumVisualStudioVersion = 10.0.40219.1
Project("{FAE04EC0-301F-11D3-BF4B-00C04F79EFBC}") = "ProgrammingPractice", "ProgrammingPractice\ProgrammingPractice.csproj", "{8BE7D38D-A39B-46D0-8164-22BB5A2F4722}"
EndProject
Global
	GlobalSection(SolutionConfigurationPlatforms) = preSolution
		Debug|Any CPU = Debug|Any CPU
		Release|Any CPU = Release|Any CPU
	EndGlobalSection
	GlobalSection(ProjectConfigurationPlatforms) = postSolution
		{8BE7D38D-A39B-46D0-8164-22BB5A2F4722}.Debug|Any CPU.ActiveCfg = Debug|Any CPU
		{8BE7D38D-A39B-46D0-8164-22BB5A2F4722}.Debug|Any CPU.Build.0 = Debug|Any CPU
		{8BE7D38D-A39B-46D0-8164-22BB5A2F4722}.Release|Any CPU.ActiveCfg = Release|Any CPU
		{8BE7D38D-A39B-46D0-8164-22BB5A2F4722}.Release|Any CPU.Build.0 = Release|Any CPU
	EndGlobalSection
	GlobalSection(SolutionProperties) = preSolution
		HideSolutionNode = FALSE
	EndGlobalSection
	GlobalSection(ExtensibilityGlobals) = postSolution
		SolutionGuid = {6CE25799-48DD-4013-AB03-7C15941C7A99}
	EndGlobalSection
EndGlobal
